
Microsoft Visual Studio Solution File, Format Version 12.00
# Visual Studio Version 17
VisualStudioVersion = 17.14.36414.22 d17.14
MinimumVisualStudioVersion = 10.0.40219.1
Project("{FAE04EC0-301F-11D3-BF4B-00C04F79EFBC}") = "Media Ratings Platform", "Media Ratings Platform\Media Ratings Platform.csproj", "{0997A1AC-A88D-4955-BB76-718E472F15FE}"
EndProject
Global
	GlobalSection(SolutionConfigurationPlatforms) = preSolution
		Debug|Any CPU = Debug|Any CPU
		Release|Any CPU = Release|Any CPU
	EndGlobalSection
	GlobalSection(ProjectConfigurationPlatforms) = postSolution
		{0997A1AC-A88D-4955-BB76-718E472F15FE}.Debug|Any CPU.ActiveCfg = Debug|Any CPU
		{0997A1AC-A88D-4955-BB76-718E472F15FE}.Debug|Any CPU.Build.0 = Debug|Any CPU
		{0997A1AC-A88D-4955-BB76-718E472F15FE}.Release|Any CPU.ActiveCfg = Release|Any CPU
		{0997A1AC-A88D-4955-BB76-718E472F15FE}.Release|Any CPU.Build.0 = Release|Any CPU
	EndGlobalSection
	GlobalSection(SolutionProperties) = preSolution
		HideSolutionNode = FALSE
	EndGlobalSection
	GlobalSection(ExtensibilityGlobals) = postSolution
		SolutionGuid = {E021F2DF-873B-45B8-A959-7D64411C78D0}
	EndGlobalSection
EndGlobal
